
Microsoft Visual Studio Solution File, Format Version 12.00
Project("{FAE04EC0-301F-11D3-BF4B-00C04F79EFBC}") = "ADP_Practice04", "ADP_Practice04 \ADP_Practice04\ADP_Practice04.csproj", "{DE94A57B-9BDB-4C8E-84AF-7C1A017EE848}"
EndProject
Project("{FAE04EC0-301F-11D3-BF4B-00C04F79EFBC}") = "ADP_Practice04.Sample", "ADP_Practice04 \ADP_Practice04.Sample\ADP_Practice04.Sample.csproj", "{4A5FFA60-58D8-4BDA-B761-A04584BB3092}"
EndProject
Project("{FAE04EC0-301F-11D3-BF4B-00C04F79EFBC}") = "ADP_Practice04.Tests", "ADP_Practice04 \ADP_Practice04.Tests\ADP_Practice04.Tests.csproj", "{9EFD7581-D838-4968-9532-9394303FBE74}"
EndProject
Global
	GlobalSection(SolutionConfigurationPlatforms) = preSolution
		Debug|Any CPU = Debug|Any CPU
		Release|Any CPU = Release|Any CPU
	EndGlobalSection
	GlobalSection(ProjectConfigurationPlatforms) = postSolution
		{DE94A57B-9BDB-4C8E-84AF-7C1A017EE848}.Debug|Any CPU.ActiveCfg = Debug|Any CPU
		{DE94A57B-9BDB-4C8E-84AF-7C1A017EE848}.Debug|Any CPU.Build.0 = Debug|Any CPU
		{DE94A57B-9BDB-4C8E-84AF-7C1A017EE848}.Release|Any CPU.ActiveCfg = Release|Any CPU
		{DE94A57B-9BDB-4C8E-84AF-7C1A017EE848}.Release|Any CPU.Build.0 = Release|Any CPU
		{4A5FFA60-58D8-4BDA-B761-A04584BB3092}.Debug|Any CPU.ActiveCfg = Debug|Any CPU
		{4A5FFA60-58D8-4BDA-B761-A04584BB3092}.Debug|Any CPU.Build.0 = Debug|Any CPU
		{4A5FFA60-58D8-4BDA-B761-A04584BB3092}.Release|Any CPU.ActiveCfg = Release|Any CPU
		{4A5FFA60-58D8-4BDA-B761-A04584BB3092}.Release|Any CPU.Build.0 = Release|Any CPU
		{9EFD7581-D838-4968-9532-9394303FBE74}.Debug|Any CPU.ActiveCfg = Debug|Any CPU
		{9EFD7581-D838-4968-9532-9394303FBE74}.Debug|Any CPU.Build.0 = Debug|Any CPU
		{9EFD7581-D838-4968-9532-9394303FBE74}.Release|Any CPU.ActiveCfg = Release|Any CPU
		{9EFD7581-D838-4968-9532-9394303FBE74}.Release|Any CPU.Build.0 = Release|Any CPU
	EndGlobalSection
EndGlobal
